
Microsoft Visual Studio Solution File, Format Version 12.00
# Visual Studio Version 17
VisualStudioVersion = 17.9.34728.123
MinimumVisualStudioVersion = 10.0.40219.1
Project("{FAE04EC0-301F-11D3-BF4B-00C04F79EFBC}") = "SendTimeCalculator", "SendTimeCalculator\SendTimeCalculator.csproj", "{5E7DFD78-29E8-4707-9B4B-AE77C43842B8}"
EndProject
Global
	GlobalSection(SolutionConfigurationPlatforms) = preSolution
		Debug|Any CPU = Debug|Any CPU
		Release|Any CPU = Release|Any CPU
	EndGlobalSection
	GlobalSection(ProjectConfigurationPlatforms) = postSolution
		{5E7DFD78-29E8-4707-9B4B-AE77C43842B8}.Debug|Any CPU.ActiveCfg = Debug|Any CPU
		{5E7DFD78-29E8-4707-9B4B-AE77C43842B8}.Debug|Any CPU.Build.0 = Debug|Any CPU
		{5E7DFD78-29E8-4707-9B4B-AE77C43842B8}.Release|Any CPU.ActiveCfg = Release|Any CPU
		{5E7DFD78-29E8-4707-9B4B-AE77C43842B8}.Release|Any CPU.Build.0 = Release|Any CPU
	EndGlobalSection
	GlobalSection(SolutionProperties) = preSolution
		HideSolutionNode = FALSE
	EndGlobalSection
	GlobalSection(ExtensibilityGlobals) = postSolution
		SolutionGuid = {E50CB350-D301-4AAA-B9B7-08FF7C806F63}
	EndGlobalSection
EndGlobal
